# This file is autogenerated, do not edit; changes may be undone by the next 'dep ensure'.


[[projects]]
  name = "cloud.google.com/go"
  packages = ["compute/metadata"]
  revision = "dfffe386c33fb24c34ee501e5723df5b97b98514"
  version = "v0.30.0"

[[projects]]
  name = "github.com/golang/protobuf"
  packages = ["proto"]
  revision = "aa810b61a9c79d51363740d207bb46cf8e620ed5"
  version = "v1.2.0"

[[projects]]
  name = "github.com/k0kubun/pp"
  packages = ["."]
  revision = "027a6d1765d673d337e687394dbe780dd64e2a1e"
  version = "v2.3.0"

[[projects]]
  name = "github.com/mattn/go-colorable"
  packages = ["."]
  revision = "167de6bfdfba052fa6b2d3664c8f5272e23c9072"
  version = "v0.0.9"

[[projects]]
  name = "github.com/mattn/go-isatty"
  packages = ["."]
  revision = "6ca4dbf54d38eea1a992b3c722a76a5d1c4cb25c"
  version = "v0.0.4"

[[projects]]
  branch = "master"
  name = "golang.org/x/net"
  packages = [
    "context",
    "context/ctxhttp"
  ]
  revision = "49bb7cea24b1df9410e1712aa6433dae904ff66a"

[[projects]]
  branch = "master"
  name = "golang.org/x/oauth2"
  packages = [
    ".",
    "google",
    "internal",
    "jws",
    "jwt"
  ]
  revision = "c57b0facaced709681d9f90397429b9430a74754"

[[projects]]
  branch = "master"
  name = "golang.org/x/sys"
  packages = ["unix"]
  revision = "fa43e7bc11baaae89f3f902b2b4d832b68234844"

[[projects]]
  branch = "master"
  name = "google.golang.org/api"
  packages = [
    "bigquery/v2",
    "gensupport",
    "googleapi",
    "googleapi/internal/uritemplates"
  ]
  revision = "6873a707eacedb17acac10177bd8d45885f629ee"

[[projects]]
  name = "google.golang.org/appengine"
  packages = [
    ".",
    "internal",
    "internal/app_identity",
    "internal/base",
    "internal/datastore",
    "internal/log",
    "internal/modules",
    "internal/remote_api",
    "internal/urlfetch",
    "urlfetch"
  ]
  revision = "ae0ab99deb4dc413a2b4bd6c8bdd0eb67f1e4d06"
  version = "v1.2.0"

[solve-meta]
  analyzer-name = "dep"
  analyzer-version = 1
  inputs-digest = "a94a56df7906405f1dbfcbd88e4d0db207d43e50627c0c45b3b239db263c6fa7"
  solver-name = "gps-cdcl"
  solver-version = 1
